PODS:
  - Frame (1.2)
  - Hammer (1.3)
  - Pixels (1.4)
  - Visuality (5.5)

DEPENDENCIES:
  - Frame
  - Hammer
  - Pixels
  - Visuality

SPEC REPOS:
  trunk:
    - Frame
    - Hammer
    - Pixels
    - Visuality

SPEC CHECKSUMS:
  Frame: 7d362bccc51ab9336be6a09662ab179c42dc060e
  Hammer: fb70830747fcde048efd112ca00ca63d2dfe9d1d
  Pixels: 283f9341b02b7b5534320b940a92609b6d63d0a1
  Visuality: 1cddc060e81beb8cabaf73f125e1f4a245c446a0

PODFILE CHECKSUM: bca35467e6af17224c04087cba0c2bd379ec64ad

COCOAPODS: 1.9.3
